
Microsoft Visual Studio Solution File, Format Version 12.00
# Visual Studio 15
VisualStudioVersion = 15.0.27428.2043
MinimumVisualStudioVersion = 10.0.40219.1
Project("{FAE04EC0-301F-11D3-BF4B-00C04F79EFBC}") = "OrderRestaurant", "OrderRestaurant\OrderRestaurant.csproj", "{5F780BEB-9D8B-4F4D-809E-6F848E4A0B62}"
EndProject
Global
	GlobalSection(SolutionConfigurationPlatforms) = preSolution
		Debug|Any CPU = Debug|Any CPU
		Release|Any CPU = Release|Any CPU
	EndGlobalSection
	GlobalSection(ProjectConfigurationPlatforms) = postSolution
		{5F780BEB-9D8B-4F4D-809E-6F848E4A0B62}.Debug|Any CPU.ActiveCfg = Debug|Any CPU
		{5F780BEB-9D8B-4F4D-809E-6F848E4A0B62}.Debug|Any CPU.Build.0 = Debug|Any CPU
		{5F780BEB-9D8B-4F4D-809E-6F848E4A0B62}.Release|Any CPU.ActiveCfg = Release|Any CPU
		{5F780BEB-9D8B-4F4D-809E-6F848E4A0B62}.Release|Any CPU.Build.0 = Release|Any CPU
	EndGlobalSection
	GlobalSection(SolutionProperties) = preSolution
		HideSolutionNode = FALSE
	EndGlobalSection
	GlobalSection(ExtensibilityGlobals) = postSolution
		SolutionGuid = {CA9B80BB-CD7F-4DC4-8028-1D1549E326A9}
	EndGlobalSection
EndGlobal
